# platform: linux-64
@EXPLICIT
https://conda.anaconda.org/conda-forge/linux-64/_openmp_mutex-4.5-20_gnu.conda
https://conda.anaconda.org/conda-forge/noarch/kernel-headers_linux-64-5.14.0-he073ed8_3.conda
https://conda.anaconda.org/conda-forge/linux-64/libgcc-16.2.0-ha9f2e26_4.conda
https://conda.anaconda.org/conda-forge/linux-64/libgomp-16.2.0-he0feb66_4.conda
https://conda.anaconda.org/conda-forge/linux-64/libstdcxx-16.2.0-h934c35e_4.conda
https://conda.anaconda.org/conda-forge/linux-64/patchelf-0.19.1-hee9eb32_1.conda
https://conda.anaconda.org/conda-forge/noarch/sysroot_linux-64-2.34-he3f20f0_3.conda
https://conda.anaconda.org/conda-forge/noarch/tzdata-2026c-h151e31d_0.conda
